
Microsoft Visual Studio Solution File, Format Version 12.00
# Visual Studio Version 17
VisualStudioVersion = 17.14.36414.22 d17.14
MinimumVisualStudioVersion = 10.0.40219.1
Project("{FAE04EC0-301F-11D3-BF4B-00C04F79EFBC}") = "Demo S02", "Demo S02\Demo S02.csproj", "{761E4DC2-C09D-4CCF-8070-2FA9E4B03F28}"
EndProject
Global
	GlobalSection(SolutionConfigurationPlatforms) = preSolution
		Debug|Any CPU = Debug|Any CPU
		Release|Any CPU = Release|Any CPU
	EndGlobalSection
	GlobalSection(ProjectConfigurationPlatforms) = postSolution
		{761E4DC2-C09D-4CCF-8070-2FA9E4B03F28}.Debug|Any CPU.ActiveCfg = Debug|Any CPU
		{761E4DC2-C09D-4CCF-8070-2FA9E4B03F28}.Debug|Any CPU.Build.0 = Debug|Any CPU
		{761E4DC2-C09D-4CCF-8070-2FA9E4B03F28}.Release|Any CPU.ActiveCfg = Release|Any CPU
		{761E4DC2-C09D-4CCF-8070-2FA9E4B03F28}.Release|Any CPU.Build.0 = Release|Any CPU
	EndGlobalSection
	GlobalSection(SolutionProperties) = preSolution
		HideSolutionNode = FALSE
	EndGlobalSection
	GlobalSection(ExtensibilityGlobals) = postSolution
		SolutionGuid = {85D0DC47-4158-4BE3-8350-E4B5D3CDFFB9}
	EndGlobalSection
EndGlobal
